
Microsoft Visual Studio Solution File, Format Version 12.00
# Visual Studio 15
VisualStudioVersion = 15.0.28307.136
MinimumVisualStudioVersion = 10.0.40219.1
Project("{FAE04EC0-301F-11D3-BF4B-00C04F79EFBC}") = "quanlybanhang", "quanlybanhang\quanlybanhang.csproj", "{762AC63D-F8A2-453F-9DB9-9F22D6C10930}"
EndProject
Project("{2150E333-8FDC-42A3-9474-1A3956D46DE8}") = "GUI", "GUI", "{E0FC48B3-65E1-4F14-999E-DF0A40842AB0}"
EndProject
Project("{2150E333-8FDC-42A3-9474-1A3956D46DE8}") = "BUS", "BUS", "{7BC6EA98-3417-4E8D-B4A6-E9BD0198E2FE}"
EndProject
Project("{2150E333-8FDC-42A3-9474-1A3956D46DE8}") = "BUS", "BUS", "{9B63BEDE-9FD8-4AAB-AD30-3B8707EF04DA}"
EndProject
Project("{2150E333-8FDC-42A3-9474-1A3956D46DE8}") = "DTO", "DTO", "{8A540306-5382-467C-8CD2-BA88714AFF40}"
EndProject
Project("{2150E333-8FDC-42A3-9474-1A3956D46DE8}") = "DAO", "DAO", "{ADC64288-5631-4A6A-8D44-65893E40DF96}"
EndProject
Project("{FAE04EC0-301F-11D3-BF4B-00C04F79EFBC}") = "BUS", "BUS\BUS.csproj", "{37BA0611-4938-45CD-AB33-2B08CEAB14BA}"
EndProject
Project("{FAE04EC0-301F-11D3-BF4B-00C04F79EFBC}") = "DTO", "DTO\DTO.csproj", "{AE7BCCBD-DCA8-4C02-9899-5ECF5F0E2D94}"
EndProject
Project("{FAE04EC0-301F-11D3-BF4B-00C04F79EFBC}") = "DAO", "DAO\DAO.csproj", "{C44F22B7-525C-41F6-8FA4-DA42B3C4FE8A}"
EndProject
Global
	GlobalSection(SolutionConfigurationPlatforms) = preSolution
		Debug|Any CPU = Debug|Any CPU
		Release|Any CPU = Release|Any CPU
	EndGlobalSection
	GlobalSection(ProjectConfigurationPlatforms) = postSolution
		{762AC63D-F8A2-453F-9DB9-9F22D6C10930}.Debug|Any CPU.ActiveCfg = Debug|Any CPU
		{762AC63D-F8A2-453F-9DB9-9F22D6C10930}.Debug|Any CPU.Build.0 = Debug|Any CPU
		{762AC63D-F8A2-453F-9DB9-9F22D6C10930}.Release|Any CPU.ActiveCfg = Release|Any CPU
		{762AC63D-F8A2-453F-9DB9-9F22D6C10930}.Release|Any CPU.Build.0 = Release|Any CPU
		{37BA0611-4938-45CD-AB33-2B08CEAB14BA}.Debug|Any CPU.ActiveCfg = Debug|Any CPU
		{37BA0611-4938-45CD-AB33-2B08CEAB14BA}.Debug|Any CPU.Build.0 = Debug|Any CPU
		{37BA0611-4938-45CD-AB33-2B08CEAB14BA}.Release|Any CPU.ActiveCfg = Release|Any CPU
		{37BA0611-4938-45CD-AB33-2B08CEAB14BA}.Release|Any CPU.Build.0 = Release|Any CPU
		{AE7BCCBD-DCA8-4C02-9899-5ECF5F0E2D94}.Debug|Any CPU.ActiveCfg = Debug|Any CPU
		{AE7BCCBD-DCA8-4C02-9899-5ECF5F0E2D94}.Debug|Any CPU.Build.0 = Debug|Any CPU
		{AE7BCCBD-DCA8-4C02-9899-5ECF5F0E2D94}.Release|Any CPU.ActiveCfg = Release|Any CPU
		{AE7BCCBD-DCA8-4C02-9899-5ECF5F0E2D94}.Release|Any CPU.Build.0 = Release|Any CPU
		{C44F22B7-525C-41F6-8FA4-DA42B3C4FE8A}.Debug|Any CPU.ActiveCfg = Debug|Any CPU
		{C44F22B7-525C-41F6-8FA4-DA42B3C4FE8A}.Debug|Any CPU.Build.0 = Debug|Any CPU
		{C44F22B7-525C-41F6-8FA4-DA42B3C4FE8A}.Release|Any CPU.ActiveCfg = Release|Any CPU
		{C44F22B7-525C-41F6-8FA4-DA42B3C4FE8A}.Release|Any CPU.Build.0 = Release|Any CPU
	EndGlobalSection
	GlobalSection(SolutionProperties) = preSolution
		HideSolutionNode = FALSE
	EndGlobalSection
	GlobalSection(NestedProjects) = preSolution
		{762AC63D-F8A2-453F-9DB9-9F22D6C10930} = {E0FC48B3-65E1-4F14-999E-DF0A40842AB0}
		{9B63BEDE-9FD8-4AAB-AD30-3B8707EF04DA} = {7BC6EA98-3417-4E8D-B4A6-E9BD0198E2FE}
		{8A540306-5382-467C-8CD2-BA88714AFF40} = {7BC6EA98-3417-4E8D-B4A6-E9BD0198E2FE}
		{37BA0611-4938-45CD-AB33-2B08CEAB14BA} = {9B63BEDE-9FD8-4AAB-AD30-3B8707EF04DA}
		{AE7BCCBD-DCA8-4C02-9899-5ECF5F0E2D94} = {8A540306-5382-467C-8CD2-BA88714AFF40}
		{C44F22B7-525C-41F6-8FA4-DA42B3C4FE8A} = {ADC64288-5631-4A6A-8D44-65893E40DF96}
	EndGlobalSection
	GlobalSection(ExtensibilityGlobals) = postSolution
		SolutionGuid = {199C7ECD-9003-4300-AF35-F56AB2B91B0A}
	EndGlobalSection
EndGlobal
